
Microsoft Visual Studio Solution File, Format Version 12.00
# Visual Studio 2013
VisualStudioVersion = 12.0.21005.1
MinimumVisualStudioVersion = 10.0.40219.1
Project("{8BC9CEB8-8B4A-11D0-8D11-00A0C91BC942}") = "Project2", "Project2\Project2.vcxproj", "{80615CD9-2DEF-4032-A503-A043D9212F74}"
EndProject
Global
	GlobalSection(SolutionConfigurationPlatforms) = preSolution
		Debug|Win32 = Debug|Win32
		Release|Win32 = Release|Win32
	EndGlobalSection
	GlobalSection(ProjectConfigurationPlatforms) = postSolution
		{80615CD9-2DEF-4032-A503-A043D9212F74}.Debug|Win32.ActiveCfg = Debug|Win32
		{80615CD9-2DEF-4032-A503-A043D9212F74}.Debug|Win32.Build.0 = Debug|Win32
		{80615CD9-2DEF-4032-A503-A043D9212F74}.Release|Win32.ActiveCfg = Debug|Win32
		{80615CD9-2DEF-4032-A503-A043D9212F74}.Release|Win32.Build.0 = Debug|Win32
	EndGlobalSection
	GlobalSection(SolutionProperties) = preSolution
		HideSolutionNode = FALSE
	EndGlobalSection
EndGlobal
